
Microsoft Visual Studio Solution File, Format Version 12.00
# Visual Studio Version 17
VisualStudioVersion = 17.0.31903.59
MinimumVisualStudioVersion = 10.0.40219.1
Project("{9A19103F-16F7-4668-BE54-9A1E7A4F7556}") = "Finance.Api", "Finance.Api\Finance.Api.csproj", "{89A23ED8-0904-4C80-9730-0ACADA300D86}"
EndProject
Project("{9A19103F-16F7-4668-BE54-9A1E7A4F7556}") = "Finance.Core", "Finance.Core\Finance.Core.csproj", "{9B2BFABA-D2E6-4CEC-A285-E06B815F94E3}"
EndProject
Project("{FAE04EC0-301F-11D3-BF4B-00C04F79EFBC}") = "Finance.Web", "Finance.Web\Finance.Web.csproj", "{AF3B7FF7-589B-4C3E-8645-47E98CE74CCD}"
EndProject
Global
	GlobalSection(SolutionConfigurationPlatforms) = preSolution
		Debug|Any CPU = Debug|Any CPU
		Release|Any CPU = Release|Any CPU
	EndGlobalSection
	GlobalSection(ProjectConfigurationPlatforms) = postSolution
		{89A23ED8-0904-4C80-9730-0ACADA300D86}.Debug|Any CPU.ActiveCfg = Debug|Any CPU
		{89A23ED8-0904-4C80-9730-0ACADA300D86}.Debug|Any CPU.Build.0 = Debug|Any CPU
		{89A23ED8-0904-4C80-9730-0ACADA300D86}.Release|Any CPU.ActiveCfg = Release|Any CPU
		{89A23ED8-0904-4C80-9730-0ACADA300D86}.Release|Any CPU.Build.0 = Release|Any CPU
		{9B2BFABA-D2E6-4CEC-A285-E06B815F94E3}.Debug|Any CPU.ActiveCfg = Debug|Any CPU
		{9B2BFABA-D2E6-4CEC-A285-E06B815F94E3}.Debug|Any CPU.Build.0 = Debug|Any CPU
		{9B2BFABA-D2E6-4CEC-A285-E06B815F94E3}.Release|Any CPU.ActiveCfg = Release|Any CPU
		{9B2BFABA-D2E6-4CEC-A285-E06B815F94E3}.Release|Any CPU.Build.0 = Release|Any CPU
		{AF3B7FF7-589B-4C3E-8645-47E98CE74CCD}.Debug|Any CPU.ActiveCfg = Debug|Any CPU
		{AF3B7FF7-589B-4C3E-8645-47E98CE74CCD}.Debug|Any CPU.Build.0 = Debug|Any CPU
		{AF3B7FF7-589B-4C3E-8645-47E98CE74CCD}.Release|Any CPU.ActiveCfg = Release|Any CPU
		{AF3B7FF7-589B-4C3E-8645-47E98CE74CCD}.Release|Any CPU.Build.0 = Release|Any CPU
	EndGlobalSection
	GlobalSection(SolutionProperties) = preSolution
		HideSolutionNode = FALSE
	EndGlobalSection
	GlobalSection(ExtensibilityGlobals) = postSolution
		SolutionGuid = {5D0F4D47-647E-4007-A853-3BDA15408287}
	EndGlobalSection
EndGlobal
